
Microsoft Visual Studio Solution File, Format Version 12.00
# Visual Studio Version 16
VisualStudioVersion = 16.0.29709.97
MinimumVisualStudioVersion = 10.0.40219.1
Project("{FAE04EC0-301F-11D3-BF4B-00C04F79EFBC}") = "hamburgerci", "hamburgerci\hamburgerci.csproj", "{CF5790EC-9DBD-4A23-99D8-C62100C87F14}"
EndProject
Global
	GlobalSection(SolutionConfigurationPlatforms) = preSolution
		Debug|Any CPU = Debug|Any CPU
		Release|Any CPU = Release|Any CPU
	EndGlobalSection
	GlobalSection(ProjectConfigurationPlatforms) = postSolution
		{CF5790EC-9DBD-4A23-99D8-C62100C87F14}.Debug|Any CPU.ActiveCfg = Debug|Any CPU
		{CF5790EC-9DBD-4A23-99D8-C62100C87F14}.Debug|Any CPU.Build.0 = Debug|Any CPU
		{CF5790EC-9DBD-4A23-99D8-C62100C87F14}.Release|Any CPU.ActiveCfg = Release|Any CPU
		{CF5790EC-9DBD-4A23-99D8-C62100C87F14}.Release|Any CPU.Build.0 = Release|Any CPU
	EndGlobalSection
	GlobalSection(SolutionProperties) = preSolution
		HideSolutionNode = FALSE
	EndGlobalSection
	GlobalSection(ExtensibilityGlobals) = postSolution
		SolutionGuid = {79F54DF4-5722-4F88-B3F1-8551BED2355B}
	EndGlobalSection
EndGlobal
